
Microsoft Visual Studio Solution File, Format Version 12.00
# Visual Studio Version 17
VisualStudioVersion = 17.0.32112.339
MinimumVisualStudioVersion = 10.0.40219.1
Project("{9A19103F-16F7-4668-BE54-9A1E7A4F7556}") = "Debit_Cards_Project", "Debit_Cards_Project\Debit_Cards_Project.csproj", "{FD43DC7B-3E57-4CA2-9337-62EBBA320F17}"
EndProject
Project("{9A19103F-16F7-4668-BE54-9A1E7A4F7556}") = "Debit_Cards_No_EF_Project", "Debit_Cards_No_EF_Project\Debit_Cards_No_EF_Project.csproj", "{4083BAFA-A81A-4BB6-8A36-A9BF4C0463A1}"
EndProject
Project("{9A19103F-16F7-4668-BE54-9A1E7A4F7556}") = "Biblio", "Biblio\Biblio.csproj", "{5A36F4B7-78E3-48BC-AB6B-FBC55426F00F}"
EndProject
Project("{9A19103F-16F7-4668-BE54-9A1E7A4F7556}") = "Books", "Books\Books.csproj", "{82F0C34C-E24C-4AF5-B416-A881D0C7F5B0}"
EndProject
Project("{9A19103F-16F7-4668-BE54-9A1E7A4F7556}") = "ServiceA", "ServiceA\ServiceA.csproj", "{0C9BC773-C92A-487A-9FF9-C5EE48AA1F72}"
EndProject
Project("{FAE04EC0-301F-11D3-BF4B-00C04F79EFBC}") = "ServiceB", "ServiceB\ServiceB.csproj", "{4AFA3D30-2BFE-465B-A204-B6073F071BC4}"
EndProject
Project("{FAE04EC0-301F-11D3-BF4B-00C04F79EFBC}") = "ClientApp", "ClientApp\ClientApp.csproj", "{EC0161E7-1D60-4777-94D4-919880921067}"
EndProject
Project("{2150E333-8FDC-42A3-9474-1A3956D46DE8}") = "Lesson_8_Service_Discovery", "Lesson_8_Service_Discovery", "{C66C74C9-9BC8-4C60-ADA2-7F4756FE4CEE}"
EndProject
Global
	GlobalSection(SolutionConfigurationPlatforms) = preSolution
		Debug|Any CPU = Debug|Any CPU
		Release|Any CPU = Release|Any CPU
	EndGlobalSection
	GlobalSection(ProjectConfigurationPlatforms) = postSolution
		{FD43DC7B-3E57-4CA2-9337-62EBBA320F17}.Debug|Any CPU.ActiveCfg = Debug|Any CPU
		{FD43DC7B-3E57-4CA2-9337-62EBBA320F17}.Debug|Any CPU.Build.0 = Debug|Any CPU
		{FD43DC7B-3E57-4CA2-9337-62EBBA320F17}.Release|Any CPU.ActiveCfg = Release|Any CPU
		{FD43DC7B-3E57-4CA2-9337-62EBBA320F17}.Release|Any CPU.Build.0 = Release|Any CPU
		{4083BAFA-A81A-4BB6-8A36-A9BF4C0463A1}.Debug|Any CPU.ActiveCfg = Debug|Any CPU
		{4083BAFA-A81A-4BB6-8A36-A9BF4C0463A1}.Debug|Any CPU.Build.0 = Debug|Any CPU
		{4083BAFA-A81A-4BB6-8A36-A9BF4C0463A1}.Release|Any CPU.ActiveCfg = Release|Any CPU
		{4083BAFA-A81A-4BB6-8A36-A9BF4C0463A1}.Release|Any CPU.Build.0 = Release|Any CPU
		{5A36F4B7-78E3-48BC-AB6B-FBC55426F00F}.Debug|Any CPU.ActiveCfg = Debug|Any CPU
		{5A36F4B7-78E3-48BC-AB6B-FBC55426F00F}.Debug|Any CPU.Build.0 = Debug|Any CPU
		{5A36F4B7-78E3-48BC-AB6B-FBC55426F00F}.Release|Any CPU.ActiveCfg = Release|Any CPU
		{5A36F4B7-78E3-48BC-AB6B-FBC55426F00F}.Release|Any CPU.Build.0 = Release|Any CPU
		{82F0C34C-E24C-4AF5-B416-A881D0C7F5B0}.Debug|Any CPU.ActiveCfg = Debug|Any CPU
		{82F0C34C-E24C-4AF5-B416-A881D0C7F5B0}.Debug|Any CPU.Build.0 = Debug|Any CPU
		{82F0C34C-E24C-4AF5-B416-A881D0C7F5B0}.Release|Any CPU.ActiveCfg = Release|Any CPU
		{82F0C34C-E24C-4AF5-B416-A881D0C7F5B0}.Release|Any CPU.Build.0 = Release|Any CPU
		{0C9BC773-C92A-487A-9FF9-C5EE48AA1F72}.Debug|Any CPU.ActiveCfg = Debug|Any CPU
		{0C9BC773-C92A-487A-9FF9-C5EE48AA1F72}.Debug|Any CPU.Build.0 = Debug|Any CPU
		{0C9BC773-C92A-487A-9FF9-C5EE48AA1F72}.Release|Any CPU.ActiveCfg = Release|Any CPU
		{0C9BC773-C92A-487A-9FF9-C5EE48AA1F72}.Release|Any CPU.Build.0 = Release|Any CPU
		{4AFA3D30-2BFE-465B-A204-B6073F071BC4}.Debug|Any CPU.ActiveCfg = Debug|Any CPU
		{4AFA3D30-2BFE-465B-A204-B6073F071BC4}.Debug|Any CPU.Build.0 = Debug|Any CPU
		{4AFA3D30-2BFE-465B-A204-B6073F071BC4}.Release|Any CPU.ActiveCfg = Release|Any CPU
		{4AFA3D30-2BFE-465B-A204-B6073F071BC4}.Release|Any CPU.Build.0 = Release|Any CPU
		{EC0161E7-1D60-4777-94D4-919880921067}.Debug|Any CPU.ActiveCfg = Debug|Any CPU
		{EC0161E7-1D60-4777-94D4-919880921067}.Debug|Any CPU.Build.0 = Debug|Any CPU
		{EC0161E7-1D60-4777-94D4-919880921067}.Release|Any CPU.ActiveCfg = Release|Any CPU
		{EC0161E7-1D60-4777-94D4-919880921067}.Release|Any CPU.Build.0 = Release|Any CPU
	EndGlobalSection
	GlobalSection(SolutionProperties) = preSolution
		HideSolutionNode = FALSE
	EndGlobalSection
	GlobalSection(NestedProjects) = preSolution
		{0C9BC773-C92A-487A-9FF9-C5EE48AA1F72} = {C66C74C9-9BC8-4C60-ADA2-7F4756FE4CEE}
		{4AFA3D30-2BFE-465B-A204-B6073F071BC4} = {C66C74C9-9BC8-4C60-ADA2-7F4756FE4CEE}
		{EC0161E7-1D60-4777-94D4-919880921067} = {C66C74C9-9BC8-4C60-ADA2-7F4756FE4CEE}
	EndGlobalSection
	GlobalSection(ExtensibilityGlobals) = postSolution
		SolutionGuid = {5818ADBD-A179-448C-8983-3072C87541D0}
	EndGlobalSection
EndGlobal
